
Microsoft Visual Studio Solution File, Format Version 12.00
# Visual Studio Version 17
VisualStudioVersion = 17.3.32825.248
MinimumVisualStudioVersion = 10.0.40219.1
Project("{FAE04EC0-301F-11D3-BF4B-00C04F79EFBC}") = "ComputerScienceStudies", "ComputerScienceStudies\ComputerScienceStudies.csproj", "{452BF070-4A2C-4EEC-8737-739DEF5AD308}"
EndProject
Global
	GlobalSection(SolutionConfigurationPlatforms) = preSolution
		Debug|Any CPU = Debug|Any CPU
		Release|Any CPU = Release|Any CPU
	EndGlobalSection
	GlobalSection(ProjectConfigurationPlatforms) = postSolution
		{452BF070-4A2C-4EEC-8737-739DEF5AD308}.Debug|Any CPU.ActiveCfg = Debug|Any CPU
		{452BF070-4A2C-4EEC-8737-739DEF5AD308}.Debug|Any CPU.Build.0 = Debug|Any CPU
		{452BF070-4A2C-4EEC-8737-739DEF5AD308}.Release|Any CPU.ActiveCfg = Release|Any CPU
		{452BF070-4A2C-4EEC-8737-739DEF5AD308}.Release|Any CPU.Build.0 = Release|Any CPU
	EndGlobalSection
	GlobalSection(SolutionProperties) = preSolution
		HideSolutionNode = FALSE
	EndGlobalSection
	GlobalSection(ExtensibilityGlobals) = postSolution
		SolutionGuid = {D3263FB9-190C-4D33-8E16-52FE7AA3BDD7}
	EndGlobalSection
EndGlobal
